
Microsoft Visual Studio Solution File, Format Version 12.00
# Visual Studio 15
VisualStudioVersion = 15.0.27130.2010
MinimumVisualStudioVersion = 10.0.40219.1
Project("{FAE04EC0-301F-11D3-BF4B-00C04F79EFBC}") = "LearnCPR", "LearnCPR\LearnCPR.csproj", "{35867CAA-9825-4A7D-99B1-9F0E43D95751}"
EndProject
Project("{FAE04EC0-301F-11D3-BF4B-00C04F79EFBC}") = "LearnCPR.Tests", "LearnCPR.Tests\LearnCPR.Tests.csproj", "{B67A0F06-B6ED-4DE0-9936-240A83F40F44}"
EndProject
Global
	GlobalSection(SolutionConfigurationPlatforms) = preSolution
		Debug|Any CPU = Debug|Any CPU
		Release|Any CPU = Release|Any CPU
	EndGlobalSection
	GlobalSection(ProjectConfigurationPlatforms) = postSolution
		{35867CAA-9825-4A7D-99B1-9F0E43D95751}.Debug|Any CPU.ActiveCfg = Debug|Any CPU
		{35867CAA-9825-4A7D-99B1-9F0E43D95751}.Debug|Any CPU.Build.0 = Debug|Any CPU
		{35867CAA-9825-4A7D-99B1-9F0E43D95751}.Release|Any CPU.ActiveCfg = Release|Any CPU
		{35867CAA-9825-4A7D-99B1-9F0E43D95751}.Release|Any CPU.Build.0 = Release|Any CPU
		{B67A0F06-B6ED-4DE0-9936-240A83F40F44}.Debug|Any CPU.ActiveCfg = Debug|Any CPU
		{B67A0F06-B6ED-4DE0-9936-240A83F40F44}.Debug|Any CPU.Build.0 = Debug|Any CPU
		{B67A0F06-B6ED-4DE0-9936-240A83F40F44}.Release|Any CPU.ActiveCfg = Release|Any CPU
		{B67A0F06-B6ED-4DE0-9936-240A83F40F44}.Release|Any CPU.Build.0 = Release|Any CPU
	EndGlobalSection
	GlobalSection(SolutionProperties) = preSolution
		HideSolutionNode = FALSE
	EndGlobalSection
	GlobalSection(ExtensibilityGlobals) = postSolution
		SolutionGuid = {8DBCE96F-B85A-4926-92D0-218B7C38B29F}
	EndGlobalSection
EndGlobal
